// !$*UTF8*$!
{
	archiveVersion = 1;
	classes = {
	};
	objectVersion = 46;
	objects = {

/* Begin PBXBuildFile section */
		630282F11E73B2BB005120E7 /* AppDelegate.swift in Sources */ = {isa = PBXBuildFile; fileRef = 630282F01E73B2BB005120E7 /* AppDelegate.swift */; };
		630282F31E73B2BB005120E7 /* ViewController.swift in Sources */ = {isa = PBXBuildFile; fileRef = 630282F21E73B2BB005120E7 /* ViewController.swift */; };
		630282F61E73B2BB005120E7 /* Main.storyboard in Resources */ = {isa = PBXBuildFile; fileRef = 630282F41E73B2BB005120E7 /* Main.storyboard */; };
		630282F81E73B2BB005120E7 /* Assets.xcassets in Resources */ = {isa = PBXBuildFile; fileRef = 630282F71E73B2BB005120E7 /* Assets.xcassets */; };
		630282FB1E73B2BB005120E7 /* LaunchScreen.storyboard in Resources */ = {isa = PBXBuildFile; fileRef = 630282F91E73B2BB005120E7 /* LaunchScreen.storyboard */; };
		630283061E73B2BB005120E7 /* HelloWorldTests.swift in Sources */ = {isa = PBXBuildFile; fileRef = 630283051E73B2BB005120E7 /* HelloWorldTests.swift */; };
		630283111E73B2BB005120E7 /* HelloWorldUITests.swift in Sources */ = {isa = PBXBuildFile; fileRef = 630283101E73B2BB005120E7 /* HelloWorldUITests.swift */; };
/* End PBXBuildFile section */

/* Begin PBXContainerItemProxy section */
		630283021E73B2BB005120E7 /* PBXContainerItemProxy */ = {
			isa = PBXContainerItemProxy;
			containerPortal = 630282E51E73B2B7005120E7 /* Project object */;
			proxyType = 1;
			remoteGlobalIDString = 630282EC1E73B2B7005120E7;
			remoteInfo = HelloWorld;
		};
		6302830D1E73B2BB005120E7 /* PBXContainerItemProxy */ = {
			isa = PBXContainerItemProxy;
			containerPortal = 630282E51E73B2B7005120E7 /* Project object */;
			proxyType = 1;
			remoteGlobalIDString = 630282EC1E73B2B7005120E7;
			remoteInfo = HelloWorld;
		};
/* End PBXContainerItemProxy section */

/* Begin PBXFileReference section */
		630282ED1E73B2BB005120E7 /* HelloWorld.app */ = {isa = PBXFileReference; explicitFileType = wrapper.application; includeInIndex = 0; path = HelloWorld.app; sourceTree = BUILT_PRODUCTS_DIR; };
		630282F01E73B2BB005120E7 /* AppDelegate.swift */ = {isa = PBXFileReference; lastKnownFileType = sourcecode.swift; path = AppDelegate.swift; sourceTree = "<group>"; };
		630282F21E73B2BB005120E7 /* ViewController.swift */ = {isa = PBXFileReference; lastKnownFileType = sourcecode.swift; path = ViewController.swift; sourceTree = "<group>"; };
		630282F51E73B2BB005120E7 /* Base */ = {isa = PBXFileReference; lastKnownFileType = file.storyboard; name = Base; path = Base.lproj/Main.storyboard; sourceTree = "<group>"; };
		630282F71E73B2BB005120E7 /* Assets.xcassets */ = {isa = PBXFileReference; lastKnownFileType = folder.assetcatalog; path = Assets.xcassets; sourceTree = "<group>"; };
		630282FA1E73B2BB005120E7 /* Base */ = {isa = PBXFileReference; lastKnownFileType = file.storyboard; name = Base; path = Base.lproj/LaunchScreen.storyboard; sourceTree = "<group>"; };
		630282FC1E73B2BB005120E7 /* Info.plist */ = {isa = PBXFileReference; lastKnownFileType = text.plist.xml; path = Info.plist; sourceTree = "<group>"; };
		630283011E73B2BB005120E7 /* HelloWorldTests.xctest */ = {isa = PBXFileReference; explicitFileType = wrapper.cfbundle; includeInIndex = 0; path = HelloWorldTests.xctest; sourceTree = BUILT_PRODUCTS_DIR; };
		630283051E73B2BB005120E7 /* HelloWorldTests.swift */ = {isa = PBXFileReference; lastKnownFileType = sourcecode.swift; path = HelloWorldTests.swift; sourceTree = "<group>"; };
		630283071E73B2BB005120E7 /* Info.plist */ = {isa = PBXFileReference; lastKnownFileType = text.plist.xml; path = Info.plist; sourceTree = "<group>"; };
		6302830C1E73B2BB005120E7 /* HelloWorldUITests.xctest */ = {isa = PBXFileReference; explicitFileType = wrapper.cfbundle; includeInIndex = 0; path = HelloWorldUITests.xctest; sourceTree = BUILT_PRODUCTS_DIR; };
		630283101E73B2BB005120E7 /* HelloWorldUITests.swift */ = {isa = PBXFileReference; lastKnownFileType = sourcecode.swift; path = HelloWorldUITests.swift; sourceTree = "<group>"; };
		630283121E73B2BB005120E7 /* Info.plist */ = {isa = PBXFileReference; lastKnownFileType = text.plist.xml; path = Info.plist; sourceTree = "<group>"; };
/* End PBXFileReference section */

/* Begin PBXFrameworksBuildPhase section */
		630282EA1E73B2B7005120E7 /* Frameworks */ = {
			isa = PBXFrameworksBuildPhase;
			buildActionMask = 2147483647;
			files = (
			);
			runOnlyForDeploymentPostprocessing = 0;
		};
		630282FE1E73B2BB005120E7 /* Frameworks */ = {
			isa = PBXFrameworksBuildPhase;
			buildActionMask = 2147483647;
			files = (
			);
			runOnlyForDeploymentPostprocessing = 0;
		};
		630283091E73B2BB005120E7 /* Frameworks */ = {
			isa = PBXFrameworksBuildPhase;
			buildActionMask = 2147483647;
			files = (
			);
			runOnlyForDeploymentPostprocessing = 0;
		};
/* End PBXFrameworksBuildPhase section */

/* Begin PBXGroup section */
		630282E41E73B2B7005120E7 = {
			isa = PBXGroup;
			children = (
				630282EF1E73B2BB005120E7 /* HelloWorld */,
				630283041E73B2BB005120E7 /* HelloWorldTests */,
				6302830F1E73B2BB005120E7 /* HelloWorldUITests */,
				630282EE1E73B2BB005120E7 /* Products */,
			);
			sourceTree = "<group>";
		};
		630282EE1E73B2BB005120E7 /* Products */ = {
			isa = PBXGroup;
			children = (
				630282ED1E73B2BB005120E7 /* HelloWorld.app */,
				630283011E73B2BB005120E7 /* HelloWorldTests.xctest */,
				6302830C1E73B2BB005120E7 /* HelloWorldUITests.xctest */,
			);
			name = Products;
			sourceTree = "<group>";
		};
		630282EF1E73B2BB005120E7 /* HelloWorld */ = {
			isa = PBXGroup;
			children = (
				630282F01E73B2BB005120E7 /* AppDelegate.swift */,
				630282F21E73B2BB005120E7 /* ViewController.swift */,
				630282F41E73B2BB005120E7 /* Main.storyboard */,
				630282F71E73B2BB005120E7 /* Assets.xcassets */,
				630282F91E73B2BB005120E7 /* LaunchScreen.storyboard */,
				630282FC1E73B2BB005120E7 /* Info.plist */,
			);
			path = HelloWorld;
			sourceTree = "<group>";
		};
		630283041E73B2BB005120E7 /* HelloWorldTests */ = {
			isa = PBXGroup;
			children = (
				630283051E73B2BB005120E7 /* HelloWorldTests.swift */,
				630283071E73B2BB005120E7 /* Info.plist */,
			);
			path = HelloWorldTests;
			sourceTree = "<group>";
		};
		6302830F1E73B2BB005120E7 /* HelloWorldUITests */ = {
			isa = PBXGroup;
			children = (
				630283101E73B2BB005120E7 /* HelloWorldUITests.swift */,
				630283121E73B2BB005120E7 /* Info.plist */,
			);
			path = HelloWorldUITests;
			sourceTree = "<group>";
		};
/* End PBXGroup section */

/* Begin PBXNativeTarget section */
		630282EC1E73B2B7005120E7 /* HelloWorld */ = {
			isa = PBXNativeTarget;
			buildConfigurationList = 630283151E73B2BB005120E7 /* Build configuration list for PBXNativeTarget "HelloWorld" */;
			buildPhases = (
				630282E91E73B2B7005120E7 /* Sources */,
				630282EA1E73B2B7005120E7 /* Frameworks */,
				630282EB1E73B2B7005120E7 /* Resources */,
			);
			buildRules = (
			);
			dependencies = (
			);
			name = HelloWorld;
			productName = HelloWorld;
			productReference = 630282ED1E73B2BB005120E7 /* HelloWorld.app */;
			productType = "com.apple.product-type.application";
		};
		630283001E73B2BB005120E7 /* HelloWorldTests */ = {
			isa = PBXNativeTarget;
			buildConfigurationList = 630283181E73B2BB005120E7 /* Build configuration list for PBXNativeTarget "HelloWorldTests" */;
			buildPhases = (
				630282FD1E73B2BB005120E7 /* Sources */,
				630282FE1E73B2BB005120E7 /* Frameworks */,
				630282FF1E73B2BB005120E7 /* Resources */,
			);
			buildRules = (
			);
			dependencies = (
				630283031E73B2BB005120E7 /* PBXTargetDependency */,
			);
			name = HelloWorldTests;
			productName = HelloWorldTests;
			productReference = 630283011E73B2BB005120E7 /* HelloWorldTests.xctest */;
			productType = "com.apple.product-type.bundle.unit-test";
		};
		6302830B1E73B2BB005120E7 /* HelloWorldUITests */ = {
			isa = PBXNativeTarget;
			buildConfigurationList = 6302831B1E73B2BB005120E7 /* Build configuration list for PBXNativeTarget "HelloWorldUITests" */;
			buildPhases = (
				630283081E73B2BB005120E7 /* Sources */,
				630283091E73B2BB005120E7 /* Frameworks */,
				6302830A1E73B2BB005120E7 /* Resources */,
			);
			buildRules = (
			);
			dependencies = (
				6302830E1E73B2BB005120E7 /* PBXTargetDependency */,
			);
			name = HelloWorldUITests;
			productName = HelloWorldUITests;
			productReference = 6302830C1E73B2BB005120E7 /* HelloWorldUITests.xctest */;
			productType = "com.apple.product-type.bundle.ui-testing";
		};
/* End PBXNativeTarget section */

/* Begin PBXProject section */
		630282E51E73B2B7005120E7 /* Project object */ = {
			isa = PBXProject;
			attributes = {
				LastSwiftUpdateCheck = 0820;
				LastUpgradeCheck = 0820;
				ORGANIZATIONNAME = "MAC USER";
				TargetAttributes = {
					630282EC1E73B2B7005120E7 = {
						CreatedOnToolsVersion = 8.2.1;
						ProvisioningStyle = Automatic;
					};
					630283001E73B2BB005120E7 = {
						CreatedOnToolsVersion = 8.2.1;
						ProvisioningStyle = Automatic;
						TestTargetID = 630282EC1E73B2B7005120E7;
					};
					6302830B1E73B2BB005120E7 = {
						CreatedOnToolsVersion = 8.2.1;
						ProvisioningStyle = Automatic;
						TestTargetID = 630282EC1E73B2B7005120E7;
					};
				};
			};
			buildConfigurationList = 630282E81E73B2B7005120E7 /* Build configuration list for PBXProject "HelloWorld" */;
			compatibilityVersion = "Xcode 3.2";
			developmentRegion = English;
			hasScannedForEncodings = 0;
			knownRegions = (
				en,
				Base,
			);
			mainGroup = 630282E41E73B2B7005120E7;
			productRefGroup = 630282EE1E73B2BB005120E7 /* Products */;
			projectDirPath = "";
			projectRoot = "";
			targets = (
				630282EC1E73B2B7005120E7 /* HelloWorld */,
				630283001E73B2BB005120E7 /* HelloWorldTests */,
				6302830B1E73B2BB005120E7 /* HelloWorldUITests */,
			);
		};
/* End PBXProject section */

/* Begin PBXResourcesBuildPhase section */
		630282EB1E73B2B7005120E7 /* Resources */ = {
			isa = PBXResourcesBuildPhase;
			buildActionMask = 2147483647;
			files = (
				630282FB1E73B2BB005120E7 /* LaunchScreen.storyboard in Resources */,
				630282F81E73B2BB005120E7 /* Assets.xcassets in Resources */,
				630282F61E73B2BB005120E7 /* Main.storyboard in Resources */,
			);
			runOnlyForDeploymentPostprocessing = 0;
		};
		630282FF1E73B2BB005120E7 /* Resources */ = {
			isa = PBXResourcesBuildPhase;
			buildActionMask = 2147483647;
			files = (
			);
			runOnlyForDeploymentPostprocessing = 0;
		};
		6302830A1E73B2BB005120E7 /* Resources */ = {
			isa = PBXResourcesBuildPhase;
			buildActionMask = 2147483647;
			files = (
			);
			runOnlyForDeploymentPostprocessing = 0;
		};
/* End PBXResourcesBuildPhase section */

/* Begin PBXSourcesBuildPhase section */
		630282E91E73B2B7005120E7 /* Sources */ = {
			isa = PBXSourcesBuildPhase;
			buildActionMask = 2147483647;
			files = (
				630282F31E73B2BB005120E7 /* ViewController.swift in Sources */,
				630282F11E73B2BB005120E7 /* AppDelegate.swift in Sources */,
			);
			runOnlyForDeploymentPostprocessing = 0;
		};
		630282FD1E73B2BB005120E7 /* Sources */ = {
			isa = PBXSourcesBuildPhase;
			buildActionMask = 2147483647;
			files = (
				630283061E73B2BB005120E7 /* HelloWorldTests.swift in Sources */,
			);
			runOnlyForDeploymentPostprocessing = 0;
		};
		630283081E73B2BB005120E7 /* Sources */ = {
			isa = PBXSourcesBuildPhase;
			buildActionMask = 2147483647;
			files = (
				630283111E73B2BB005120E7 /* HelloWorldUITests.swift in Sources */,
			);
			runOnlyForDeploymentPostprocessing = 0;
		};
/* End PBXSourcesBuildPhase section */

/* Begin PBXTargetDependency section */
		630283031E73B2BB005120E7 /* PBXTargetDependency */ = {
			isa = PBXTargetDependency;
			target = 630282EC1E73B2B7005120E7 /* HelloWorld */;
			targetProxy = 630283021E73B2BB005120E7 /* PBXContainerItemProxy */;
		};
		6302830E1E73B2BB005120E7 /* PBXTargetDependency */ = {
			isa = PBXTargetDependency;
			target = 630282EC1E73B2B7005120E7 /* HelloWorld */;
			targetProxy = 6302830D1E73B2BB005120E7 /* PBXContainerItemProxy */;
		};
/* End PBXTargetDependency section */

/* Begin PBXVariantGroup section */
		630282F41E73B2BB005120E7 /* Main.storyboard */ = {
			isa = PBXVariantGroup;
			children = (
				630282F51E73B2BB005120E7 /* Base */,
			);
			name = Main.storyboard;
			sourceTree = "<group>";
		};
		630282F91E73B2BB005120E7 /* LaunchScreen.storyboard */ = {
			isa = PBXVariantGroup;
			children = (
				630282FA1E73B2BB005120E7 /* Base */,
			);
			name = LaunchScreen.storyboard;
			sourceTree = "<group>";
		};
/* End PBXVariantGroup section */

/* Begin XCBuildConfiguration section */
		630283131E73B2BB005120E7 /* Debug */ = {
			isa = XCBuildConfiguration;
			buildSettings = {
				ALWAYS_SEARCH_USER_PATHS = NO;
				CLANG_ANALYZER_NONNULL = YES;
				CLANG_CXX_LANGUAGE_STANDARD = "gnu++0x";
				CLANG_CXX_LIBRARY = "libc++";
				CLANG_ENABLE_MODULES = YES;
				CLANG_ENABLE_OBJC_ARC = YES;
				CLANG_WARN_BOOL_CONVERSION = YES;
				CLANG_WARN_CONSTANT_CONVERSION = YES;
				CLANG_WARN_DIRECT_OBJC_ISA_USAGE = YES_ERROR;
				CLANG_WARN_DOCUMENTATION_COMMENTS = YES;
				CLANG_WARN_EMPTY_BODY = YES;
				CLANG_WARN_ENUM_CONVERSION = YES;
				CLANG_WARN_INFINITE_RECURSION = YES;
				CLANG_WARN_INT_CONVERSION = YES;
				CLANG_WARN_OBJC_ROOT_CLASS = YES_ERROR;
				CLANG_WARN_SUSPICIOUS_MOVE = YES;
				CLANG_WARN_UNREACHABLE_CODE = YES;
				CLANG_WARN__DUPLICATE_METHOD_MATCH = YES;
				"CODE_SIGN_IDENTITY[sdk=iphoneos*]" = "iPhone Developer";
				COPY_PHASE_STRIP = NO;
				DEBUG_INFORMATION_FORMAT = dwarf;
				ENABLE_STRICT_OBJC_MSGSEND = YES;
				ENABLE_TESTABILITY = YES;
				GCC_C_LANGUAGE_STANDARD = gnu99;
				GCC_DYNAMIC_NO_PIC = NO;
				GCC_NO_COMMON_BLOCKS = YES;
				GCC_OPTIMIZATION_LEVEL = 0;
				GCC_PREPROCESSOR_DEFINITIONS = (
					"DEBUG=1",
					"$(inherited)",
				);
				GCC_WARN_64_TO_32_BIT_CONVERSION = YES;
				GCC_WARN_ABOUT_RETURN_TYPE = YES_ERROR;
				GCC_WARN_UNDECLARED_SELECTOR = YES;
				GCC_WARN_UNINITIALIZED_AUTOS = YES_AGGRESSIVE;
				GCC_WARN_UNUSED_FUNCTION = YES;
				GCC_WARN_UNUSED_VARIABLE = YES;
				IPHONEOS_DEPLOYMENT_TARGET = 10.2;
				MTL_ENABLE_DEBUG_INFO = YES;
				ONLY_ACTIVE_ARCH = YES;
				SDKROOT = iphoneos;
				SWIFT_ACTIVE_COMPILATION_CONDITIONS = DEBUG;
				SWIFT_OPTIMIZATION_LEVEL = "-Onone";
			};
			name = Debug;
		};
		630283141E73B2BB005120E7 /* Release */ = {
			isa = XCBuildConfiguration;
			buildSettings = {
				ALWAYS_SEARCH_USER_PATHS = NO;
				CLANG_ANALYZER_NONNULL = YES;
				CLANG_CXX_LANGUAGE_STANDARD = "gnu++0x";
				CLANG_CXX_LIBRARY = "libc++";
				CLANG_ENABLE_MODULES = YES;
				CLANG_ENABLE_OBJC_ARC = YES;
				CLANG_WARN_BOOL_CONVERSION = YES;
				CLANG_WARN_CONSTANT_CONVERSION = YES;
				CLANG_WARN_DIRECT_OBJC_ISA_USAGE = YES_ERROR;
				CLANG_WARN_DOCUMENTATION_COMMENTS = YES;
				CLANG_WARN_EMPTY_BODY = YES;
				CLANG_WARN_ENUM_CONVERSION = YES;
				CLANG_WARN_INFINITE_RECURSION = YES;
				CLANG_WARN_INT_CONVERSION = YES;
				CLANG_WARN_OBJC_ROOT_CLASS = YES_ERROR;
				CLANG_WARN_SUSPICIOUS_MOVE = YES;
				CLANG_WARN_UNREACHABLE_CODE = YES;
				CLANG_WARN__DUPLICATE_METHOD_MATCH = YES;
				"CODE_SIGN_IDENTITY[sdk=iphoneos*]" = "iPhone Developer";
				COPY_PHASE_STRIP = NO;
				DEBUG_INFORMATION_FORMAT = "dwarf-with-dsym";
				ENABLE_NS_ASSERTIONS = NO;
				ENABLE_STRICT_OBJC_MSGSEND = YES;
				GCC_C_LANGUAGE_STANDARD = gnu99;
				GCC_NO_COMMON_BLOCKS = YES;
				GCC_WARN_64_TO_32_BIT_CONVERSION = YES;
				GCC_WARN_ABOUT_RETURN_TYPE = YES_ERROR;
				GCC_WARN_UNDECLARED_SELECTOR = YES;
				GCC_WARN_UNINITIALIZED_AUTOS = YES_AGGRESSIVE;
				GCC_WARN_UNUSED_FUNCTION = YES;
				GCC_WARN_UNUSED_VARIABLE = YES;
				IPHONEOS_DEPLOYMENT_TARGET = 10.2;
				MTL_ENABLE_DEBUG_INFO = NO;
				SDKROOT = iphoneos;
				SWIFT_OPTIMIZATION_LEVEL = "-Owholemodule";
				VALIDATE_PRODUCT = YES;
			};
			name = Release;
		};
		630283161E73B2BB005120E7 /* Debug */ = {
			isa = XCBuildConfiguration;
			buildSettings = {
				ASSETCATALOG_COMPILER_APPICON_NAME = AppIcon;
				INFOPLIST_FILE = HelloWorld/Info.plist;
				IPHONEOS_DEPLOYMENT_TARGET = 10.0;
				LD_RUNPATH_SEARCH_PATHS = "$(inherited) @executable_path/Frameworks";
				PRODUCT_BUNDLE_IDENTIFIER = "MAC-USER.HelloWorld";
				PRODUCT_NAME = "$(TARGET_NAME)";
				SWIFT_VERSION = 3.0;
			};
			name = Debug;
		};
		630283171E73B2BB005120E7 /* Release */ = {
			isa = XCBuildConfiguration;
			buildSettings = {
				ASSETCATALOG_COMPILER_APPICON_NAME = AppIcon;
				INFOPLIST_FILE = HelloWorld/Info.plist;
				IPHONEOS_DEPLOYMENT_TARGET = 10.0;
				LD_RUNPATH_SEARCH_PATHS = "$(inherited) @executable_path/Frameworks";
				PRODUCT_BUNDLE_IDENTIFIER = "MAC-USER.HelloWorld";
				PRODUCT_NAME = "$(TARGET_NAME)";
				SWIFT_VERSION = 3.0;
			};
			name = Release;
		};
		630283191E73B2BB005120E7 /* Debug */ = {
			isa = XCBuildConfiguration;
			buildSettings = {
				ALWAYS_EMBED_SWIFT_STANDARD_LIBRARIES = YES;
				BUNDLE_LOADER = "$(TEST_HOST)";
				INFOPLIST_FILE = HelloWorldTests/Info.plist;
				LD_RUNPATH_SEARCH_PATHS = "$(inherited) @executable_path/Frameworks @loader_path/Frameworks";
				PRODUCT_BUNDLE_IDENTIFIER = "MAC-USER.HelloWorldTests";
				PRODUCT_NAME = "$(TARGET_NAME)";
				SWIFT_VERSION = 3.0;
				TEST_HOST = "$(BUILT_PRODUCTS_DIR)/HelloWorld.app/HelloWorld";
			};
			name = Debug;
		};
		6302831A1E73B2BB005120E7 /* Release */ = {
			isa = XCBuildConfiguration;
			buildSettings = {
				ALWAYS_EMBED_SWIFT_STANDARD_LIBRARIES = YES;
				BUNDLE_LOADER = "$(TEST_HOST)";
				INFOPLIST_FILE = HelloWorldTests/Info.plist;
				LD_RUNPATH_SEARCH_PATHS = "$(inherited) @executable_path/Frameworks @loader_path/Frameworks";
				PRODUCT_BUNDLE_IDENTIFIER = "MAC-USER.HelloWorldTests";
				PRODUCT_NAME = "$(TARGET_NAME)";
				SWIFT_VERSION = 3.0;
				TEST_HOST = "$(BUILT_PRODUCTS_DIR)/HelloWorld.app/HelloWorld";
			};
			name = Release;
		};
		6302831C1E73B2BB005120E7 /* Debug */ = {
			isa = XCBuildConfiguration;
			buildSettings = {
				ALWAYS_EMBED_SWIFT_STANDARD_LIBRARIES = YES;
				INFOPLIST_FILE = HelloWorldUITests/Info.plist;
				LD_RUNPATH_SEARCH_PATHS = "$(inherited) @executable_path/Frameworks @loader_path/Frameworks";
				PRODUCT_BUNDLE_IDENTIFIER = "MAC-USER.HelloWorldUITests";
				PRODUCT_NAME = "$(TARGET_NAME)";
				SWIFT_VERSION = 3.0;
				TEST_TARGET_NAME = HelloWorld;
			};
			name = Debug;
		};
		6302831D1E73B2BB005120E7 /* Release */ = {
			isa = XCBuildConfiguration;
			buildSettings = {
				ALWAYS_EMBED_SWIFT_STANDARD_LIBRARIES = YES;
				INFOPLIST_FILE = HelloWorldUITests/Info.plist;
				LD_RUNPATH_SEARCH_PATHS = "$(inherited) @executable_path/Frameworks @loader_path/Frameworks";
				PRODUCT_BUNDLE_IDENTIFIER = "MAC-USER.HelloWorldUITests";
				PRODUCT_NAME = "$(TARGET_NAME)";
				SWIFT_VERSION = 3.0;
				TEST_TARGET_NAME = HelloWorld;
			};
			name = Release;
		};
/* End XCBuildConfiguration section */

/* Begin XCConfigurationList section */
		630282E81E73B2B7005120E7 /* Build configuration list for PBXProject "HelloWorld" */ = {
			isa = XCConfigurationList;
			buildConfigurations = (
				630283131E73B2BB005120E7 /* Debug */,
				630283141E73B2BB005120E7 /* Release */,
			);
			defaultConfigurationIsVisible = 0;
			defaultConfigurationName = Release;
		};
		630283151E73B2BB005120E7 /* Build configuration list for PBXNativeTarget "HelloWorld" */ = {
			isa = XCConfigurationList;
			buildConfigurations = (
				630283161E73B2BB005120E7 /* Debug */,
				630283171E73B2BB005120E7 /* Release */,
			);
			defaultConfigurationIsVisible = 0;
			defaultConfigurationName = Release;
		};
		630283181E73B2BB005120E7 /* Build configuration list for PBXNativeTarget "HelloWorldTests" */ = {
			isa = XCConfigurationList;
			buildConfigurations = (
				630283191E73B2BB005120E7 /* Debug */,
				6302831A1E73B2BB005120E7 /* Release */,
			);
			defaultConfigurationIsVisible = 0;
			defaultConfigurationName = Release;
		};
		6302831B1E73B2BB005120E7 /* Build configuration list for PBXNativeTarget "HelloWorldUITests" */ = {
			isa = XCConfigurationList;
			buildConfigurations = (
				6302831C1E73B2BB005120E7 /* Debug */,
				6302831D1E73B2BB005120E7 /* Release */,
			);
			defaultConfigurationIsVisible = 0;
			defaultConfigurationName = Release;
		};
/* End XCConfigurationList section */
	};
	rootObject = 630282E51E73B2B7005120E7 /* Project object */;
}
